
Microsoft Visual Studio Solution File, Format Version 12.00
# Visual Studio Version 17
VisualStudioVersion = 17.5.33414.496
MinimumVisualStudioVersion = 10.0.40219.1
Project("{FAE04EC0-301F-11D3-BF4B-00C04F79EFBC}") = "PR3(1)", "PR3(1).csproj", "{CA1E480F-CC80-49BA-9DEF-04C7F31DC15D}"
EndProject
Global
	GlobalSection(SolutionConfigurationPlatforms) = preSolution
		Debug|Any CPU = Debug|Any CPU
		Release|Any CPU = Release|Any CPU
	EndGlobalSection
	GlobalSection(ProjectConfigurationPlatforms) = postSolution
		{CA1E480F-CC80-49BA-9DEF-04C7F31DC15D}.Debug|Any CPU.ActiveCfg = Debug|Any CPU
		{CA1E480F-CC80-49BA-9DEF-04C7F31DC15D}.Debug|Any CPU.Build.0 = Debug|Any CPU
		{CA1E480F-CC80-49BA-9DEF-04C7F31DC15D}.Release|Any CPU.ActiveCfg = Release|Any CPU
		{CA1E480F-CC80-49BA-9DEF-04C7F31DC15D}.Release|Any CPU.Build.0 = Release|Any CPU
	EndGlobalSection
	GlobalSection(SolutionProperties) = preSolution
		HideSolutionNode = FALSE
	EndGlobalSection
	GlobalSection(ExtensibilityGlobals) = postSolution
		SolutionGuid = {AC3EBFE9-F0AA-448A-B12F-E370F1485DCB}
	EndGlobalSection
EndGlobal
